// !$*UTF8*$!
{
	archiveVersion = 1;
	classes = {
	};
	objectVersion = 56;
	objects = {

/* Begin PBXBuildFile section */
		A0A36C8A29C5588A00EE7D0A /* RedditFeedApp.swift in Sources */ = {isa = PBXBuildFile; fileRef = A0A36C8929C5588A00EE7D0A /* RedditFeedApp.swift */; };
		A0A36C8C29C5588A00EE7D0A /* ContentView.swift in Sources */ = {isa = PBXBuildFile; fileRef = A0A36C8B29C5588A00EE7D0A /* ContentView.swift */; };
		A0A36C8E29C5588B00EE7D0A /* Assets.xcassets in Resources */ = {isa = PBXBuildFile; fileRef = A0A36C8D29C5588B00EE7D0A /* Assets.xcassets */; };
		A0A36C9229C5588B00EE7D0A /* Preview Assets.xcassets in Resources */ = {isa = PBXBuildFile; fileRef = A0A36C9129C5588B00EE7D0A /* Preview Assets.xcassets */; };
		A0A36C9A29C558C800EE7D0A /* ComposableArchitecture in Frameworks */ = {isa = PBXBuildFile; productRef = A0A36C9929C558C800EE7D0A /* ComposableArchitecture */; };
		A0A36C9C29C558E500EE7D0A /* RedditFeed.swift in Sources */ = {isa = PBXBuildFile; fileRef = A0A36C9B29C558E500EE7D0A /* RedditFeed.swift */; };
		A0A36CA129C5791800EE7D0A /* File.swift in Sources */ = {isa = PBXBuildFile; fileRef = A0A36CA029C5791800EE7D0A /* File.swift */; };
		A0A36CA429C57AE600EE7D0A /* Nuke in Frameworks */ = {isa = PBXBuildFile; productRef = A0A36CA329C57AE600EE7D0A /* Nuke */; };
		A0A36CA729C57B1800EE7D0A /* NukeUI in Frameworks */ = {isa = PBXBuildFile; productRef = A0A36CA629C57B1800EE7D0A /* NukeUI */; };
/* End PBXBuildFile section */

/* Begin PBXFileReference section */
		A0A36C8629C5588A00EE7D0A /* RedditFeed.app */ = {isa = PBXFileReference; explicitFileType = wrapper.application; includeInIndex = 0; path = RedditFeed.app; sourceTree = BUILT_PRODUCTS_DIR; };
		A0A36C8929C5588A00EE7D0A /* RedditFeedApp.swift */ = {isa = PBXFileReference; lastKnownFileType = sourcecode.swift; path = RedditFeedApp.swift; sourceTree = "<group>"; };
		A0A36C8B29C5588A00EE7D0A /* ContentView.swift */ = {isa = PBXFileReference; lastKnownFileType = sourcecode.swift; path = ContentView.swift; sourceTree = "<group>"; };
		A0A36C8D29C5588B00EE7D0A /* Assets.xcassets */ = {isa = PBXFileReference; lastKnownFileType = folder.assetcatalog; path = Assets.xcassets; sourceTree = "<group>"; };
		A0A36C8F29C5588B00EE7D0A /* RedditFeed.entitlements */ = {isa = PBXFileReference; lastKnownFileType = text.plist.entitlements; path = RedditFeed.entitlements; sourceTree = "<group>"; };
		A0A36C9129C5588B00EE7D0A /* Preview Assets.xcassets */ = {isa = PBXFileReference; lastKnownFileType = folder.assetcatalog; path = "Preview Assets.xcassets"; sourceTree = "<group>"; };
		A0A36C9B29C558E500EE7D0A /* RedditFeed.swift */ = {isa = PBXFileReference; lastKnownFileType = sourcecode.swift; path = RedditFeed.swift; sourceTree = "<group>"; };
		A0A36CA029C5791800EE7D0A /* File.swift */ = {isa = PBXFileReference; lastKnownFileType = sourcecode.swift; path = File.swift; sourceTree = "<group>"; };
/* End PBXFileReference section */

/* Begin PBXFrameworksBuildPhase section */
		A0A36C8329C5588A00EE7D0A /* Frameworks */ = {
			isa = PBXFrameworksBuildPhase;
			buildActionMask = 2147483647;
			files = (
				A0A36CA729C57B1800EE7D0A /* NukeUI in Frameworks */,
				A0A36C9A29C558C800EE7D0A /* ComposableArchitecture in Frameworks */,
				A0A36CA429C57AE600EE7D0A /* Nuke in Frameworks */,
			);
			runOnlyForDeploymentPostprocessing = 0;
		};
/* End PBXFrameworksBuildPhase section */

/* Begin PBXGroup section */
		A0A36C7D29C5588A00EE7D0A = {
			isa = PBXGroup;
			children = (
				A0A36C8829C5588A00EE7D0A /* RedditFeed */,
				A0A36C8729C5588A00EE7D0A /* Products */,
				A0A36CA529C57B1800EE7D0A /* Frameworks */,
			);
			sourceTree = "<group>";
		};
		A0A36C8729C5588A00EE7D0A /* Products */ = {
			isa = PBXGroup;
			children = (
				A0A36C8629C5588A00EE7D0A /* RedditFeed.app */,
			);
			name = Products;
			sourceTree = "<group>";
		};
		A0A36C8829C5588A00EE7D0A /* RedditFeed */ = {
			isa = PBXGroup;
			children = (
				A0A36C8929C5588A00EE7D0A /* RedditFeedApp.swift */,
				A0A36C8B29C5588A00EE7D0A /* ContentView.swift */,
				A0A36C9B29C558E500EE7D0A /* RedditFeed.swift */,
				A0A36CA029C5791800EE7D0A /* File.swift */,
				A0A36C8D29C5588B00EE7D0A /* Assets.xcassets */,
				A0A36C8F29C5588B00EE7D0A /* RedditFeed.entitlements */,
				A0A36C9029C5588B00EE7D0A /* Preview Content */,
			);
			path = RedditFeed;
			sourceTree = "<group>";
		};
		A0A36C9029C5588B00EE7D0A /* Preview Content */ = {
			isa = PBXGroup;
			children = (
				A0A36C9129C5588B00EE7D0A /* Preview Assets.xcassets */,
			);
			path = "Preview Content";
			sourceTree = "<group>";
		};
		A0A36CA529C57B1800EE7D0A /* Frameworks */ = {
			isa = PBXGroup;
			children = (
			);
			name = Frameworks;
			sourceTree = "<group>";
		};
/* End PBXGroup section */

/* Begin PBXNativeTarget section */
		A0A36C8529C5588A00EE7D0A /* RedditFeed */ = {
			isa = PBXNativeTarget;
			buildConfigurationList = A0A36C9529C5588B00EE7D0A /* Build configuration list for PBXNativeTarget "RedditFeed" */;
			buildPhases = (
				A0A36C8229C5588A00EE7D0A /* Sources */,
				A0A36C8329C5588A00EE7D0A /* Frameworks */,
				A0A36C8429C5588A00EE7D0A /* Resources */,
			);
			buildRules = (
			);
			dependencies = (
			);
			name = RedditFeed;
			packageProductDependencies = (
				A0A36C9929C558C800EE7D0A /* ComposableArchitecture */,
				A0A36CA329C57AE600EE7D0A /* Nuke */,
				A0A36CA629C57B1800EE7D0A /* NukeUI */,
			);
			productName = RedditFeed;
			productReference = A0A36C8629C5588A00EE7D0A /* RedditFeed.app */;
			productType = "com.apple.product-type.application";
		};
/* End PBXNativeTarget section */

/* Begin PBXProject section */
		A0A36C7E29C5588A00EE7D0A /* Project object */ = {
			isa = PBXProject;
			attributes = {
				BuildIndependentTargetsInParallel = 1;
				LastSwiftUpdateCheck = 1420;
				LastUpgradeCheck = 1420;
				TargetAttributes = {
					A0A36C8529C5588A00EE7D0A = {
						CreatedOnToolsVersion = 14.2;
					};
				};
			};
			buildConfigurationList = A0A36C8129C5588A00EE7D0A /* Build configuration list for PBXProject "RedditFeed" */;
			compatibilityVersion = "Xcode 14.0";
			developmentRegion = en;
			hasScannedForEncodings = 0;
			knownRegions = (
				en,
				Base,
			);
			mainGroup = A0A36C7D29C5588A00EE7D0A;
			packageReferences = (
				A0A36C9829C558C800EE7D0A /* XCRemoteSwiftPackageReference "swift-composable-architecture" */,
				A0A36CA229C57AE600EE7D0A /* XCRemoteSwiftPackageReference "Nuke" */,
			);
			productRefGroup = A0A36C8729C5588A00EE7D0A /* Products */;
			projectDirPath = "";
			projectRoot = "";
			targets = (
				A0A36C8529C5588A00EE7D0A /* RedditFeed */,
			);
		};
/* End PBXProject section */

/* Begin PBXResourcesBuildPhase section */
		A0A36C8429C5588A00EE7D0A /* Resources */ = {
			isa = PBXResourcesBuildPhase;
			buildActionMask = 2147483647;
			files = (
				A0A36C9229C5588B00EE7D0A /* Preview Assets.xcassets in Resources */,
				A0A36C8E29C5588B00EE7D0A /* Assets.xcassets in Resources */,
			);
			runOnlyForDeploymentPostprocessing = 0;
		};
/* End PBXResourcesBuildPhase section */

/* Begin PBXSourcesBuildPhase section */
		A0A36C8229C5588A00EE7D0A /* Sources */ = {
			isa = PBXSourcesBuildPhase;
			buildActionMask = 2147483647;
			files = (
				A0A36C8C29C5588A00EE7D0A /* ContentView.swift in Sources */,
				A0A36CA129C5791800EE7D0A /* File.swift in Sources */,
				A0A36C9C29C558E500EE7D0A /* RedditFeed.swift in Sources */,
				A0A36C8A29C5588A00EE7D0A /* RedditFeedApp.swift in Sources */,
			);
			runOnlyForDeploymentPostprocessing = 0;
		};
/* End PBXSourcesBuildPhase section */

/* Begin XCBuildConfiguration section */
		A0A36C9329C5588B00EE7D0A /* Debug */ = {
			isa = XCBuildConfiguration;
			buildSettings = {
				ALWAYS_SEARCH_USER_PATHS = NO;
				CLANG_ANALYZER_NONNULL = YES;
				CLANG_ANALYZER_NUMBER_OBJECT_CONVERSION = YES_AGGRESSIVE;
				CLANG_CXX_LANGUAGE_STANDARD = "gnu++20";
				CLANG_ENABLE_MODULES = YES;
				CLANG_ENABLE_OBJC_ARC = YES;
				CLANG_ENABLE_OBJC_WEAK = YES;
				CLANG_WARN_BLOCK_CAPTURE_AUTORELEASING = YES;
				CLANG_WARN_BOOL_CONVERSION = YES;
				CLANG_WARN_COMMA = YES;
				CLANG_WARN_CONSTANT_CONVERSION = YES;
				CLANG_WARN_DEPRECATED_OBJC_IMPLEMENTATIONS = YES;
				CLANG_WARN_DIRECT_OBJC_ISA_USAGE = YES_ERROR;
				CLANG_WARN_DOCUMENTATION_COMMENTS = YES;
				CLANG_WARN_EMPTY_BODY = YES;
				CLANG_WARN_ENUM_CONVERSION = YES;
				CLANG_WARN_INFINITE_RECURSION = YES;
				CLANG_WARN_INT_CONVERSION = YES;
				CLANG_WARN_NON_LITERAL_NULL_CONVERSION = YES;
				CLANG_WARN_OBJC_IMPLICIT_RETAIN_SELF = YES;
				CLANG_WARN_OBJC_LITERAL_CONVERSION = YES;
				CLANG_WARN_OBJC_ROOT_CLASS = YES_ERROR;
				CLANG_WARN_QUOTED_INCLUDE_IN_FRAMEWORK_HEADER = YES;
				CLANG_WARN_RANGE_LOOP_ANALYSIS = YES;
				CLANG_WARN_STRICT_PROTOTYPES = YES;
				CLANG_WARN_SUSPICIOUS_MOVE = YES;
				CLANG_WARN_UNGUARDED_AVAILABILITY = YES_AGGRESSIVE;
				CLANG_WARN_UNREACHABLE_CODE = YES;
				CLANG_WARN__DUPLICATE_METHOD_MATCH = YES;
				COPY_PHASE_STRIP = NO;
				DEBUG_INFORMATION_FORMAT = dwarf;
				ENABLE_STRICT_OBJC_MSGSEND = YES;
				ENABLE_TESTABILITY = YES;
				GCC_C_LANGUAGE_STANDARD = gnu11;
				GCC_DYNAMIC_NO_PIC = NO;
				GCC_NO_COMMON_BLOCKS = YES;
				GCC_OPTIMIZATION_LEVEL = 0;
				GCC_PREPROCESSOR_DEFINITIONS = (
					"DEBUG=1",
					"$(inherited)",
				);
				GCC_WARN_64_TO_32_BIT_CONVERSION = YES;
				GCC_WARN_ABOUT_RETURN_TYPE = YES_ERROR;
				GCC_WARN_UNDECLARED_SELECTOR = YES;
				GCC_WARN_UNINITIALIZED_AUTOS = YES_AGGRESSIVE;
				GCC_WARN_UNUSED_FUNCTION = YES;
				GCC_WARN_UNUSED_VARIABLE = YES;
				MTL_ENABLE_DEBUG_INFO = INCLUDE_SOURCE;
				MTL_FAST_MATH = YES;
				ONLY_ACTIVE_ARCH = YES;
				SWIFT_ACTIVE_COMPILATION_CONDITIONS = DEBUG;
				SWIFT_OPTIMIZATION_LEVEL = "-Onone";
			};
			name = Debug;
		};
		A0A36C9429C5588B00EE7D0A /* Release */ = {
			isa = XCBuildConfiguration;
			buildSettings = {
				ALWAYS_SEARCH_USER_PATHS = NO;
				CLANG_ANALYZER_NONNULL = YES;
				CLANG_ANALYZER_NUMBER_OBJECT_CONVERSION = YES_AGGRESSIVE;
				CLANG_CXX_LANGUAGE_STANDARD = "gnu++20";
				CLANG_ENABLE_MODULES = YES;
				CLANG_ENABLE_OBJC_ARC = YES;
				CLANG_ENABLE_OBJC_WEAK = YES;
				CLANG_WARN_BLOCK_CAPTURE_AUTORELEASING = YES;
				CLANG_WARN_BOOL_CONVERSION = YES;
				CLANG_WARN_COMMA = YES;
				CLANG_WARN_CONSTANT_CONVERSION = YES;
				CLANG_WARN_DEPRECATED_OBJC_IMPLEMENTATIONS = YES;
				CLANG_WARN_DIRECT_OBJC_ISA_USAGE = YES_ERROR;
				CLANG_WARN_DOCUMENTATION_COMMENTS = YES;
				CLANG_WARN_EMPTY_BODY = YES;
				CLANG_WARN_ENUM_CONVERSION = YES;
				CLANG_WARN_INFINITE_RECURSION = YES;
				CLANG_WARN_INT_CONVERSION = YES;
				CLANG_WARN_NON_LITERAL_NULL_CONVERSION = YES;
				CLANG_WARN_OBJC_IMPLICIT_RETAIN_SELF = YES;
				CLANG_WARN_OBJC_LITERAL_CONVERSION = YES;
				CLANG_WARN_OBJC_ROOT_CLASS = YES_ERROR;
				CLANG_WARN_QUOTED_INCLUDE_IN_FRAMEWORK_HEADER = YES;
				CLANG_WARN_RANGE_LOOP_ANALYSIS = YES;
				CLANG_WARN_STRICT_PROTOTYPES = YES;
				CLANG_WARN_SUSPICIOUS_MOVE = YES;
				CLANG_WARN_UNGUARDED_AVAILABILITY = YES_AGGRESSIVE;
				CLANG_WARN_UNREACHABLE_CODE = YES;
				CLANG_WARN__DUPLICATE_METHOD_MATCH = YES;
				COPY_PHASE_STRIP = NO;
				DEBUG_INFORMATION_FORMAT = "dwarf-with-dsym";
				ENABLE_NS_ASSERTIONS = NO;
				ENABLE_STRICT_OBJC_MSGSEND = YES;
				GCC_C_LANGUAGE_STANDARD = gnu11;
				GCC_NO_COMMON_BLOCKS = YES;
				GCC_WARN_64_TO_32_BIT_CONVERSION = YES;
				GCC_WARN_ABOUT_RETURN_TYPE = YES_ERROR;
				GCC_WARN_UNDECLARED_SELECTOR = YES;
				GCC_WARN_UNINITIALIZED_AUTOS = YES_AGGRESSIVE;
				GCC_WARN_UNUSED_FUNCTION = YES;
				GCC_WARN_UNUSED_VARIABLE = YES;
				MTL_ENABLE_DEBUG_INFO = NO;
				MTL_FAST_MATH = YES;
				SWIFT_COMPILATION_MODE = wholemodule;
				SWIFT_OPTIMIZATION_LEVEL = "-O";
			};
			name = Release;
		};
		A0A36C9629C5588B00EE7D0A /* Debug */ = {
			isa = XCBuildConfiguration;
			buildSettings = {
				ASSETCATALOG_COMPILER_APPICON_NAME = AppIcon;
				ASSETCATALOG_COMPILER_GLOBAL_ACCENT_COLOR_NAME = AccentColor;
				CODE_SIGN_ENTITLEMENTS = RedditFeed/RedditFeed.entitlements;
				CODE_SIGN_STYLE = Automatic;
				CURRENT_PROJECT_VERSION = 1;
				DEVELOPMENT_ASSET_PATHS = "\"RedditFeed/Preview Content\"";
				DEVELOPMENT_TEAM = BCYSH9FU9P;
				ENABLE_HARDENED_RUNTIME = YES;
				ENABLE_PREVIEWS = YES;
				GENERATE_INFOPLIST_FILE = YES;
				"INFOPLIST_KEY_UIApplicationSceneManifest_Generation[sdk=iphoneos*]" = YES;
				"INFOPLIST_KEY_UIApplicationSceneManifest_Generation[sdk=iphonesimulator*]" = YES;
				"INFOPLIST_KEY_UIApplicationSupportsIndirectInputEvents[sdk=iphoneos*]" = YES;
				"INFOPLIST_KEY_UIApplicationSupportsIndirectInputEvents[sdk=iphonesimulator*]" = YES;
				"INFOPLIST_KEY_UILaunchScreen_Generation[sdk=iphoneos*]" = YES;
				"INFOPLIST_KEY_UILaunchScreen_Generation[sdk=iphonesimulator*]" = YES;
				"INFOPLIST_KEY_UIStatusBarStyle[sdk=iphoneos*]" = UIStatusBarStyleDefault;
				"INFOPLIST_KEY_UIStatusBarStyle[sdk=iphonesimulator*]" = UIStatusBarStyleDefault;
				INFOPLIST_KEY_UISupportedInterfaceOrientations_iPad = "UIInterfaceOrientationPortrait UIInterfaceOrientationPortraitUpsideDown UIInterfaceOrientationLandscapeLeft UIInterfaceOrientationLandscapeRight";
				INFOPLIST_KEY_UISupportedInterfaceOrientations_iPhone = "UIInterfaceOrientationPortrait UIInterfaceOrientationLandscapeLeft UIInterfaceOrientationLandscapeRight";
				IPHONEOS_DEPLOYMENT_TARGET = 16.2;
				LD_RUNPATH_SEARCH_PATHS = "@executable_path/Frameworks";
				"LD_RUNPATH_SEARCH_PATHS[sdk=macosx*]" = "@executable_path/../Frameworks";
				MACOSX_DEPLOYMENT_TARGET = 13.1;
				MARKETING_VERSION = 1.0;
				PRODUCT_BUNDLE_IDENTIFIER = com.jjm.RedditFeed;
				PRODUCT_NAME = "$(TARGET_NAME)";
				SDKROOT = auto;
				SUPPORTED_PLATFORMS = "iphoneos iphonesimulator macosx";
				SWIFT_EMIT_LOC_STRINGS = YES;
				SWIFT_VERSION = 5.0;
				TARGETED_DEVICE_FAMILY = "1,2";
			};
			name = Debug;
		};
		A0A36C9729C5588B00EE7D0A /* Release */ = {
			isa = XCBuildConfiguration;
			buildSettings = {
				ASSETCATALOG_COMPILER_APPICON_NAME = AppIcon;
				ASSETCATALOG_COMPILER_GLOBAL_ACCENT_COLOR_NAME = AccentColor;
				CODE_SIGN_ENTITLEMENTS = RedditFeed/RedditFeed.entitlements;
				CODE_SIGN_STYLE = Automatic;
				CURRENT_PROJECT_VERSION = 1;
				DEVELOPMENT_ASSET_PATHS = "\"RedditFeed/Preview Content\"";
				DEVELOPMENT_TEAM = BCYSH9FU9P;
				ENABLE_HARDENED_RUNTIME = YES;
				ENABLE_PREVIEWS = YES;
				GENERATE_INFOPLIST_FILE = YES;
				"INFOPLIST_KEY_UIApplicationSceneManifest_Generation[sdk=iphoneos*]" = YES;
				"INFOPLIST_KEY_UIApplicationSceneManifest_Generation[sdk=iphonesimulator*]" = YES;
				"INFOPLIST_KEY_UIApplicationSupportsIndirectInputEvents[sdk=iphoneos*]" = YES;
				"INFOPLIST_KEY_UIApplicationSupportsIndirectInputEvents[sdk=iphonesimulator*]" = YES;
				"INFOPLIST_KEY_UILaunchScreen_Generation[sdk=iphoneos*]" = YES;
				"INFOPLIST_KEY_UILaunchScreen_Generation[sdk=iphonesimulator*]" = YES;
				"INFOPLIST_KEY_UIStatusBarStyle[sdk=iphoneos*]" = UIStatusBarStyleDefault;
				"INFOPLIST_KEY_UIStatusBarStyle[sdk=iphonesimulator*]" = UIStatusBarStyleDefault;
				INFOPLIST_KEY_UISupportedInterfaceOrientations_iPad = "UIInterfaceOrientationPortrait UIInterfaceOrientationPortraitUpsideDown UIInterfaceOrientationLandscapeLeft UIInterfaceOrientationLandscapeRight";
				INFOPLIST_KEY_UISupportedInterfaceOrientations_iPhone = "UIInterfaceOrientationPortrait UIInterfaceOrientationLandscapeLeft UIInterfaceOrientationLandscapeRight";
				IPHONEOS_DEPLOYMENT_TARGET = 16.2;
				LD_RUNPATH_SEARCH_PATHS = "@executable_path/Frameworks";
				"LD_RUNPATH_SEARCH_PATHS[sdk=macosx*]" = "@executable_path/../Frameworks";
				MACOSX_DEPLOYMENT_TARGET = 13.1;
				MARKETING_VERSION = 1.0;
				PRODUCT_BUNDLE_IDENTIFIER = com.jjm.RedditFeed;
				PRODUCT_NAME = "$(TARGET_NAME)";
				SDKROOT = auto;
				SUPPORTED_PLATFORMS = "iphoneos iphonesimulator macosx";
				SWIFT_EMIT_LOC_STRINGS = YES;
				SWIFT_VERSION = 5.0;
				TARGETED_DEVICE_FAMILY = "1,2";
			};
			name = Release;
		};
/* End XCBuildConfiguration section */

/* Begin XCConfigurationList section */
		A0A36C8129C5588A00EE7D0A /* Build configuration list for PBXProject "RedditFeed" */ = {
			isa = XCConfigurationList;
			buildConfigurations = (
				A0A36C9329C5588B00EE7D0A /* Debug */,
				A0A36C9429C5588B00EE7D0A /* Release */,
			);
			defaultConfigurationIsVisible = 0;
			defaultConfigurationName = Release;
		};
		A0A36C9529C5588B00EE7D0A /* Build configuration list for PBXNativeTarget "RedditFeed" */ = {
			isa = XCConfigurationList;
			buildConfigurations = (
				A0A36C9629C5588B00EE7D0A /* Debug */,
				A0A36C9729C5588B00EE7D0A /* Release */,
			);
			defaultConfigurationIsVisible = 0;
			defaultConfigurationName = Release;
		};
/* End XCConfigurationList section */

/* Begin XCRemoteSwiftPackageReference section */
		A0A36C9829C558C800EE7D0A /* XCRemoteSwiftPackageReference "swift-composable-architecture" */ = {
			isa = XCRemoteSwiftPackageReference;
			repositoryURL = "https://github.com/pointfreeco/swift-composable-architecture.git";
			requirement = {
				kind = upToNextMajorVersion;
				minimumVersion = 0.9.0;
			};
		};
		A0A36CA229C57AE600EE7D0A /* XCRemoteSwiftPackageReference "Nuke" */ = {
			isa = XCRemoteSwiftPackageReference;
			repositoryURL = "https://github.com/kean/Nuke.git";
			requirement = {
				kind = upToNextMajorVersion;
				minimumVersion = 12.0.0;
			};
		};
/* End XCRemoteSwiftPackageReference section */

/* Begin XCSwiftPackageProductDependency section */
		A0A36C9929C558C800EE7D0A /* ComposableArchitecture */ = {
			isa = XCSwiftPackageProductDependency;
			package = A0A36C9829C558C800EE7D0A /* XCRemoteSwiftPackageReference "swift-composable-architecture" */;
			productName = ComposableArchitecture;
		};
		A0A36CA329C57AE600EE7D0A /* Nuke */ = {
			isa = XCSwiftPackageProductDependency;
			package = A0A36CA229C57AE600EE7D0A /* XCRemoteSwiftPackageReference "Nuke" */;
			productName = Nuke;
		};
		A0A36CA629C57B1800EE7D0A /* NukeUI */ = {
			isa = XCSwiftPackageProductDependency;
			package = A0A36CA229C57AE600EE7D0A /* XCRemoteSwiftPackageReference "Nuke" */;
			productName = NukeUI;
		};
/* End XCSwiftPackageProductDependency section */
	};
	rootObject = A0A36C7E29C5588A00EE7D0A /* Project object */;
}
